
Microsoft Visual Studio Solution File, Format Version 12.00
# Visual Studio Version 17
VisualStudioVersion = 17.0.31903.59
MinimumVisualStudioVersion = 10.0.40219.1
Project("{FAE04EC0-301F-11D3-BF4B-00C04F79EFBC}") = "PedMed.Core", "PedMed.Core\PedMed.Core.csproj", "{6BBE680A-D62A-45D9-AF00-B4E97595A493}"
EndProject
Project("{FAE04EC0-301F-11D3-BF4B-00C04F79EFBC}") = "PedMed.Core.Validator", "PedMed.Core.Validator\PedMed.Core.Validator.csproj", "{23F00F05-9EBC-4079-9652-FBB7BB8DBA9F}"
EndProject
Project("{FAE04EC0-301F-11D3-BF4B-00C04F79EFBC}") = "PedMed.Windows", "PedMed.Windows\PedMed.Windows.csproj", "{C4C43913-0CBC-4CD5-9E75-B506AD9F5E6B}"
EndProject
Global
	GlobalSection(SolutionConfigurationPlatforms) = preSolution
		Debug|Any CPU = Debug|Any CPU
		Release|Any CPU = Release|Any CPU
	EndGlobalSection
	GlobalSection(SolutionProperties) = preSolution
		HideSolutionNode = FALSE
	EndGlobalSection
	GlobalSection(ProjectConfigurationPlatforms) = postSolution
		{6BBE680A-D62A-45D9-AF00-B4E97595A493}.Debug|Any CPU.ActiveCfg = Debug|Any CPU
		{6BBE680A-D62A-45D9-AF00-B4E97595A493}.Debug|Any CPU.Build.0 = Debug|Any CPU
		{6BBE680A-D62A-45D9-AF00-B4E97595A493}.Release|Any CPU.ActiveCfg = Release|Any CPU
		{6BBE680A-D62A-45D9-AF00-B4E97595A493}.Release|Any CPU.Build.0 = Release|Any CPU
		{23F00F05-9EBC-4079-9652-FBB7BB8DBA9F}.Debug|Any CPU.ActiveCfg = Debug|Any CPU
		{23F00F05-9EBC-4079-9652-FBB7BB8DBA9F}.Debug|Any CPU.Build.0 = Debug|Any CPU
		{23F00F05-9EBC-4079-9652-FBB7BB8DBA9F}.Release|Any CPU.ActiveCfg = Release|Any CPU
		{23F00F05-9EBC-4079-9652-FBB7BB8DBA9F}.Release|Any CPU.Build.0 = Release|Any CPU
		{C4C43913-0CBC-4CD5-9E75-B506AD9F5E6B}.Debug|Any CPU.ActiveCfg = Debug|Any CPU
		{C4C43913-0CBC-4CD5-9E75-B506AD9F5E6B}.Debug|Any CPU.Build.0 = Debug|Any CPU
		{C4C43913-0CBC-4CD5-9E75-B506AD9F5E6B}.Release|Any CPU.ActiveCfg = Release|Any CPU
		{C4C43913-0CBC-4CD5-9E75-B506AD9F5E6B}.Release|Any CPU.Build.0 = Release|Any CPU
	EndGlobalSection
EndGlobal
